// !$*UTF8*$!
{
	archiveVersion = 1;
	classes = {
	};
	objectVersion = 55;
	objects = {

/* Begin PBXBuildFile section */
		5859920D280705600059475F /* AutoresViewController.swift in Sources */ = {isa = PBXBuildFile; fileRef = 5859920C280705600059475F /* AutoresViewController.swift */; };
		589D8A0B2805FBBA00E335D9 /* AppDelegate.swift in Sources */ = {isa = PBXBuildFile; fileRef = 589D8A0A2805FBBA00E335D9 /* AppDelegate.swift */; };
		589D8A0D2805FBBA00E335D9 /* SceneDelegate.swift in Sources */ = {isa = PBXBuildFile; fileRef = 589D8A0C2805FBBA00E335D9 /* SceneDelegate.swift */; };
		589D8A122805FBBA00E335D9 /* Main.storyboard in Resources */ = {isa = PBXBuildFile; fileRef = 589D8A102805FBBA00E335D9 /* Main.storyboard */; };
		589D8A142805FBBC00E335D9 /* Assets.xcassets in Resources */ = {isa = PBXBuildFile; fileRef = 589D8A132805FBBC00E335D9 /* Assets.xcassets */; };
		589D8A172805FBBC00E335D9 /* LaunchScreen.storyboard in Resources */ = {isa = PBXBuildFile; fileRef = 589D8A152805FBBC00E335D9 /* LaunchScreen.storyboard */; };
		589D8A1F28061ACA00E335D9 /* Theme.swift in Sources */ = {isa = PBXBuildFile; fileRef = 589D8A1E28061ACA00E335D9 /* Theme.swift */; };
		589D8A26280624D400E335D9 /* AutorAPI.swift in Sources */ = {isa = PBXBuildFile; fileRef = 589D8A25280624D400E335D9 /* AutorAPI.swift */; };
		B735BF332934A1A70078C75B /* Autor.swift in Sources */ = {isa = PBXBuildFile; fileRef = B735BF322934A1A70078C75B /* Autor.swift */; };
		B735BF352934A33C0078C75B /* AutorViewCell.swift in Sources */ = {isa = PBXBuildFile; fileRef = B735BF342934A33C0078C75B /* AutorViewCell.swift */; };
/* End PBXBuildFile section */

/* Begin PBXFileReference section */
		5859920C280705600059475F /* AutoresViewController.swift */ = {isa = PBXFileReference; lastKnownFileType = sourcecode.swift; path = AutoresViewController.swift; sourceTree = "<group>"; };
		589D8A072805FBBA00E335D9 /* LearningTask-6.5.app */ = {isa = PBXFileReference; explicitFileType = wrapper.application; includeInIndex = 0; path = "LearningTask-6.5.app"; sourceTree = BUILT_PRODUCTS_DIR; };
		589D8A0A2805FBBA00E335D9 /* AppDelegate.swift */ = {isa = PBXFileReference; lastKnownFileType = sourcecode.swift; path = AppDelegate.swift; sourceTree = "<group>"; };
		589D8A0C2805FBBA00E335D9 /* SceneDelegate.swift */ = {isa = PBXFileReference; lastKnownFileType = sourcecode.swift; path = SceneDelegate.swift; sourceTree = "<group>"; };
		589D8A112805FBBA00E335D9 /* Base */ = {isa = PBXFileReference; lastKnownFileType = file.storyboard; name = Base; path = Base.lproj/Main.storyboard; sourceTree = "<group>"; };
		589D8A132805FBBC00E335D9 /* Assets.xcassets */ = {isa = PBXFileReference; lastKnownFileType = folder.assetcatalog; path = Assets.xcassets; sourceTree = "<group>"; };
		589D8A162805FBBC00E335D9 /* Base */ = {isa = PBXFileReference; lastKnownFileType = file.storyboard; name = Base; path = Base.lproj/LaunchScreen.storyboard; sourceTree = "<group>"; };
		589D8A182805FBBC00E335D9 /* Info.plist */ = {isa = PBXFileReference; lastKnownFileType = text.plist.xml; path = Info.plist; sourceTree = "<group>"; };
		589D8A1E28061ACA00E335D9 /* Theme.swift */ = {isa = PBXFileReference; lastKnownFileType = sourcecode.swift; path = Theme.swift; sourceTree = "<group>"; };
		589D8A25280624D400E335D9 /* AutorAPI.swift */ = {isa = PBXFileReference; lastKnownFileType = sourcecode.swift; path = AutorAPI.swift; sourceTree = "<group>"; };
		B735BF322934A1A70078C75B /* Autor.swift */ = {isa = PBXFileReference; lastKnownFileType = sourcecode.swift; path = Autor.swift; sourceTree = "<group>"; };
		B735BF342934A33C0078C75B /* AutorViewCell.swift */ = {isa = PBXFileReference; lastKnownFileType = sourcecode.swift; path = AutorViewCell.swift; sourceTree = "<group>"; };
/* End PBXFileReference section */

/* Begin PBXFrameworksBuildPhase section */
		589D8A042805FBBA00E335D9 /* Frameworks */ = {
			isa = PBXFrameworksBuildPhase;
			buildActionMask = 2147483647;
			files = (
			);
			runOnlyForDeploymentPostprocessing = 0;
		};
/* End PBXFrameworksBuildPhase section */

/* Begin PBXGroup section */
		589D89FE2805FBBA00E335D9 = {
			isa = PBXGroup;
			children = (
				589D8A092805FBBA00E335D9 /* LearningTask-6.5 */,
				589D8A082805FBBA00E335D9 /* Products */,
			);
			sourceTree = "<group>";
		};
		589D8A082805FBBA00E335D9 /* Products */ = {
			isa = PBXGroup;
			children = (
				589D8A072805FBBA00E335D9 /* LearningTask-6.5.app */,
			);
			name = Products;
			sourceTree = "<group>";
		};
		589D8A092805FBBA00E335D9 /* LearningTask-6.5 */ = {
			isa = PBXGroup;
			children = (
				589D8A2128061E9100E335D9 /* Supportive Files */,
				589D8A132805FBBC00E335D9 /* Assets.xcassets */,
				B735BF3029349F930078C75B /* Persistence */,
				B735BF2E29349F810078C75B /* Model */,
				B735BF2D29349F7C0078C75B /* View */,
				B735BF2F29349F850078C75B /* Scenes */,
			);
			path = "LearningTask-6.5";
			sourceTree = "<group>";
		};
		589D8A2128061E9100E335D9 /* Supportive Files */ = {
			isa = PBXGroup;
			children = (
				589D8A0A2805FBBA00E335D9 /* AppDelegate.swift */,
				589D8A0C2805FBBA00E335D9 /* SceneDelegate.swift */,
				589D8A1E28061ACA00E335D9 /* Theme.swift */,
				589D8A152805FBBC00E335D9 /* LaunchScreen.storyboard */,
				589D8A182805FBBC00E335D9 /* Info.plist */,
			);
			name = "Supportive Files";
			sourceTree = "<group>";
		};
		B735BF2D29349F7C0078C75B /* View */ = {
			isa = PBXGroup;
			children = (
				589D8A102805FBBA00E335D9 /* Main.storyboard */,
			);
			name = View;
			sourceTree = "<group>";
		};
		B735BF2E29349F810078C75B /* Model */ = {
			isa = PBXGroup;
			children = (
				B735BF322934A1A70078C75B /* Autor.swift */,
			);
			name = Model;
			sourceTree = "<group>";
		};
		B735BF2F29349F850078C75B /* Scenes */ = {
			isa = PBXGroup;
			children = (
				B735BF362934A7A70078C75B /* Autores */,
			);
			name = Scenes;
			sourceTree = "<group>";
		};
		B735BF3029349F930078C75B /* Persistence */ = {
			isa = PBXGroup;
			children = (
				589D8A25280624D400E335D9 /* AutorAPI.swift */,
			);
			name = Persistence;
			sourceTree = "<group>";
		};
		B735BF362934A7A70078C75B /* Autores */ = {
			isa = PBXGroup;
			children = (
				B735BF372934A7AE0078C75B /* Components */,
				5859920C280705600059475F /* AutoresViewController.swift */,
			);
			name = Autores;
			sourceTree = "<group>";
		};
		B735BF372934A7AE0078C75B /* Components */ = {
			isa = PBXGroup;
			children = (
				B735BF342934A33C0078C75B /* AutorViewCell.swift */,
			);
			name = Components;
			sourceTree = "<group>";
		};
/* End PBXGroup section */

/* Begin PBXNativeTarget section */
		589D8A062805FBBA00E335D9 /* LearningTask-6.5 */ = {
			isa = PBXNativeTarget;
			buildConfigurationList = 589D8A1B2805FBBC00E335D9 /* Build configuration list for PBXNativeTarget "LearningTask-6.5" */;
			buildPhases = (
				589D8A032805FBBA00E335D9 /* Sources */,
				589D8A042805FBBA00E335D9 /* Frameworks */,
				589D8A052805FBBA00E335D9 /* Resources */,
			);
			buildRules = (
			);
			dependencies = (
			);
			name = "LearningTask-6.5";
			productName = "LearningTask-6.5";
			productReference = 589D8A072805FBBA00E335D9 /* LearningTask-6.5.app */;
			productType = "com.apple.product-type.application";
		};
/* End PBXNativeTarget section */

/* Begin PBXProject section */
		589D89FF2805FBBA00E335D9 /* Project object */ = {
			isa = PBXProject;
			attributes = {
				BuildIndependentTargetsInParallel = 1;
				LastSwiftUpdateCheck = 1320;
				LastUpgradeCheck = 1320;
				TargetAttributes = {
					589D8A062805FBBA00E335D9 = {
						CreatedOnToolsVersion = 13.2.1;
					};
				};
			};
			buildConfigurationList = 589D8A022805FBBA00E335D9 /* Build configuration list for PBXProject "LearningTask-6.5" */;
			compatibilityVersion = "Xcode 13.0";
			developmentRegion = en;
			hasScannedForEncodings = 0;
			knownRegions = (
				en,
				Base,
			);
			mainGroup = 589D89FE2805FBBA00E335D9;
			productRefGroup = 589D8A082805FBBA00E335D9 /* Products */;
			projectDirPath = "";
			projectRoot = "";
			targets = (
				589D8A062805FBBA00E335D9 /* LearningTask-6.5 */,
			);
		};
/* End PBXProject section */

/* Begin PBXResourcesBuildPhase section */
		589D8A052805FBBA00E335D9 /* Resources */ = {
			isa = PBXResourcesBuildPhase;
			buildActionMask = 2147483647;
			files = (
				589D8A172805FBBC00E335D9 /* LaunchScreen.storyboard in Resources */,
				589D8A142805FBBC00E335D9 /* Assets.xcassets in Resources */,
				589D8A122805FBBA00E335D9 /* Main.storyboard in Resources */,
			);
			runOnlyForDeploymentPostprocessing = 0;
		};
/* End PBXResourcesBuildPhase section */

/* Begin PBXSourcesBuildPhase section */
		589D8A032805FBBA00E335D9 /* Sources */ = {
			isa = PBXSourcesBuildPhase;
			buildActionMask = 2147483647;
			files = (
				5859920D280705600059475F /* AutoresViewController.swift in Sources */,
				B735BF332934A1A70078C75B /* Autor.swift in Sources */,
				589D8A1F28061ACA00E335D9 /* Theme.swift in Sources */,
				589D8A26280624D400E335D9 /* AutorAPI.swift in Sources */,
				589D8A0B2805FBBA00E335D9 /* AppDelegate.swift in Sources */,
				589D8A0D2805FBBA00E335D9 /* SceneDelegate.swift in Sources */,
				B735BF352934A33C0078C75B /* AutorViewCell.swift in Sources */,
			);
			runOnlyForDeploymentPostprocessing = 0;
		};
/* End PBXSourcesBuildPhase section */

/* Begin PBXVariantGroup section */
		589D8A102805FBBA00E335D9 /* Main.storyboard */ = {
			isa = PBXVariantGroup;
			children = (
				589D8A112805FBBA00E335D9 /* Base */,
			);
			name = Main.storyboard;
			sourceTree = "<group>";
		};
		589D8A152805FBBC00E335D9 /* LaunchScreen.storyboard */ = {
			isa = PBXVariantGroup;
			children = (
				589D8A162805FBBC00E335D9 /* Base */,
			);
			name = LaunchScreen.storyboard;
			sourceTree = "<group>";
		};
/* End PBXVariantGroup section */

/* Begin XCBuildConfiguration section */
		589D8A192805FBBC00E335D9 /* Debug */ = {
			isa = XCBuildConfiguration;
			buildSettings = {
				ALWAYS_SEARCH_USER_PATHS = NO;
				CLANG_ANALYZER_NONNULL = YES;
				CLANG_ANALYZER_NUMBER_OBJECT_CONVERSION = YES_AGGRESSIVE;
				CLANG_CXX_LANGUAGE_STANDARD = "gnu++17";
				CLANG_CXX_LIBRARY = "libc++";
				CLANG_ENABLE_MODULES = YES;
				CLANG_ENABLE_OBJC_ARC = YES;
				CLANG_ENABLE_OBJC_WEAK = YES;
				CLANG_WARN_BLOCK_CAPTURE_AUTORELEASING = YES;
				CLANG_WARN_BOOL_CONVERSION = YES;
				CLANG_WARN_COMMA = YES;
				CLANG_WARN_CONSTANT_CONVERSION = YES;
				CLANG_WARN_DEPRECATED_OBJC_IMPLEMENTATIONS = YES;
				CLANG_WARN_DIRECT_OBJC_ISA_USAGE = YES_ERROR;
				CLANG_WARN_DOCUMENTATION_COMMENTS = YES;
				CLANG_WARN_EMPTY_BODY = YES;
				CLANG_WARN_ENUM_CONVERSION = YES;
				CLANG_WARN_INFINITE_RECURSION = YES;
				CLANG_WARN_INT_CONVERSION = YES;
				CLANG_WARN_NON_LITERAL_NULL_CONVERSION = YES;
				CLANG_WARN_OBJC_IMPLICIT_RETAIN_SELF = YES;
				CLANG_WARN_OBJC_LITERAL_CONVERSION = YES;
				CLANG_WARN_OBJC_ROOT_CLASS = YES_ERROR;
				CLANG_WARN_QUOTED_INCLUDE_IN_FRAMEWORK_HEADER = YES;
				CLANG_WARN_RANGE_LOOP_ANALYSIS = YES;
				CLANG_WARN_STRICT_PROTOTYPES = YES;
				CLANG_WARN_SUSPICIOUS_MOVE = YES;
				CLANG_WARN_UNGUARDED_AVAILABILITY = YES_AGGRESSIVE;
				CLANG_WARN_UNREACHABLE_CODE = YES;
				CLANG_WARN__DUPLICATE_METHOD_MATCH = YES;
				COPY_PHASE_STRIP = NO;
				DEBUG_INFORMATION_FORMAT = dwarf;
				ENABLE_STRICT_OBJC_MSGSEND = YES;
				ENABLE_TESTABILITY = YES;
				GCC_C_LANGUAGE_STANDARD = gnu11;
				GCC_DYNAMIC_NO_PIC = NO;
				GCC_NO_COMMON_BLOCKS = YES;
				GCC_OPTIMIZATION_LEVEL = 0;
				GCC_PREPROCESSOR_DEFINITIONS = (
					"DEBUG=1",
					"$(inherited)",
				);
				GCC_WARN_64_TO_32_BIT_CONVERSION = YES;
				GCC_WARN_ABOUT_RETURN_TYPE = YES_ERROR;
				GCC_WARN_UNDECLARED_SELECTOR = YES;
				GCC_WARN_UNINITIALIZED_AUTOS = YES_AGGRESSIVE;
				GCC_WARN_UNUSED_FUNCTION = YES;
				GCC_WARN_UNUSED_VARIABLE = YES;
				IPHONEOS_DEPLOYMENT_TARGET = 15.2;
				MTL_ENABLE_DEBUG_INFO = INCLUDE_SOURCE;
				MTL_FAST_MATH = YES;
				ONLY_ACTIVE_ARCH = YES;
				SDKROOT = iphoneos;
				SWIFT_ACTIVE_COMPILATION_CONDITIONS = DEBUG;
				SWIFT_OPTIMIZATION_LEVEL = "-Onone";
			};
			name = Debug;
		};
		589D8A1A2805FBBC00E335D9 /* Release */ = {
			isa = XCBuildConfiguration;
			buildSettings = {
				ALWAYS_SEARCH_USER_PATHS = NO;
				CLANG_ANALYZER_NONNULL = YES;
				CLANG_ANALYZER_NUMBER_OBJECT_CONVERSION = YES_AGGRESSIVE;
				CLANG_CXX_LANGUAGE_STANDARD = "gnu++17";
				CLANG_CXX_LIBRARY = "libc++";
				CLANG_ENABLE_MODULES = YES;
				CLANG_ENABLE_OBJC_ARC = YES;
				CLANG_ENABLE_OBJC_WEAK = YES;
				CLANG_WARN_BLOCK_CAPTURE_AUTORELEASING = YES;
				CLANG_WARN_BOOL_CONVERSION = YES;
				CLANG_WARN_COMMA = YES;
				CLANG_WARN_CONSTANT_CONVERSION = YES;
				CLANG_WARN_DEPRECATED_OBJC_IMPLEMENTATIONS = YES;
				CLANG_WARN_DIRECT_OBJC_ISA_USAGE = YES_ERROR;
				CLANG_WARN_DOCUMENTATION_COMMENTS = YES;
				CLANG_WARN_EMPTY_BODY = YES;
				CLANG_WARN_ENUM_CONVERSION = YES;
				CLANG_WARN_INFINITE_RECURSION = YES;
				CLANG_WARN_INT_CONVERSION = YES;
				CLANG_WARN_NON_LITERAL_NULL_CONVERSION = YES;
				CLANG_WARN_OBJC_IMPLICIT_RETAIN_SELF = YES;
				CLANG_WARN_OBJC_LITERAL_CONVERSION = YES;
				CLANG_WARN_OBJC_ROOT_CLASS = YES_ERROR;
				CLANG_WARN_QUOTED_INCLUDE_IN_FRAMEWORK_HEADER = YES;
				CLANG_WARN_RANGE_LOOP_ANALYSIS = YES;
				CLANG_WARN_STRICT_PROTOTYPES = YES;
				CLANG_WARN_SUSPICIOUS_MOVE = YES;
				CLANG_WARN_UNGUARDED_AVAILABILITY = YES_AGGRESSIVE;
				CLANG_WARN_UNREACHABLE_CODE = YES;
				CLANG_WARN__DUPLICATE_METHOD_MATCH = YES;
				COPY_PHASE_STRIP = NO;
				DEBUG_INFORMATION_FORMAT = "dwarf-with-dsym";
				ENABLE_NS_ASSERTIONS = NO;
				ENABLE_STRICT_OBJC_MSGSEND = YES;
				GCC_C_LANGUAGE_STANDARD = gnu11;
				GCC_NO_COMMON_BLOCKS = YES;
				GCC_WARN_64_TO_32_BIT_CONVERSION = YES;
				GCC_WARN_ABOUT_RETURN_TYPE = YES_ERROR;
				GCC_WARN_UNDECLARED_SELECTOR = YES;
				GCC_WARN_UNINITIALIZED_AUTOS = YES_AGGRESSIVE;
				GCC_WARN_UNUSED_FUNCTION = YES;
				GCC_WARN_UNUSED_VARIABLE = YES;
				IPHONEOS_DEPLOYMENT_TARGET = 15.2;
				MTL_ENABLE_DEBUG_INFO = NO;
				MTL_FAST_MATH = YES;
				SDKROOT = iphoneos;
				SWIFT_COMPILATION_MODE = wholemodule;
				SWIFT_OPTIMIZATION_LEVEL = "-O";
				VALIDATE_PRODUCT = YES;
			};
			name = Release;
		};
		589D8A1C2805FBBC00E335D9 /* Debug */ = {
			isa = XCBuildConfiguration;
			buildSettings = {
				ASSETCATALOG_COMPILER_APPICON_NAME = AppIcon;
				ASSETCATALOG_COMPILER_GLOBAL_ACCENT_COLOR_NAME = AccentColor;
				CODE_SIGN_STYLE = Automatic;
				CURRENT_PROJECT_VERSION = 1;
				GENERATE_INFOPLIST_FILE = YES;
				INFOPLIST_FILE = "LearningTask-6.5/Info.plist";
				INFOPLIST_KEY_UIApplicationSupportsIndirectInputEvents = YES;
				INFOPLIST_KEY_UILaunchStoryboardName = LaunchScreen;
				INFOPLIST_KEY_UIMainStoryboardFile = Main;
				INFOPLIST_KEY_UISupportedInterfaceOrientations_iPad = "UIInterfaceOrientationPortrait UIInterfaceOrientationPortraitUpsideDown UIInterfaceOrientationLandscapeLeft UIInterfaceOrientationLandscapeRight";
				INFOPLIST_KEY_UISupportedInterfaceOrientations_iPhone = "UIInterfaceOrientationPortrait UIInterfaceOrientationLandscapeLeft UIInterfaceOrientationLandscapeRight";
				LD_RUNPATH_SEARCH_PATHS = (
					"$(inherited)",
					"@executable_path/Frameworks",
				);
				MARKETING_VERSION = 1.0;
				PRODUCT_BUNDLE_IDENTIFIER = "br.com.zup.LearningTask-6-5";
				PRODUCT_NAME = "$(TARGET_NAME)";
				SWIFT_EMIT_LOC_STRINGS = YES;
				SWIFT_VERSION = 5.0;
				TARGETED_DEVICE_FAMILY = "1,2";
			};
			name = Debug;
		};
		589D8A1D2805FBBC00E335D9 /* Release */ = {
			isa = XCBuildConfiguration;
			buildSettings = {
				ASSETCATALOG_COMPILER_APPICON_NAME = AppIcon;
				ASSETCATALOG_COMPILER_GLOBAL_ACCENT_COLOR_NAME = AccentColor;
				CODE_SIGN_STYLE = Automatic;
				CURRENT_PROJECT_VERSION = 1;
				GENERATE_INFOPLIST_FILE = YES;
				INFOPLIST_FILE = "LearningTask-6.5/Info.plist";
				INFOPLIST_KEY_UIApplicationSupportsIndirectInputEvents = YES;
				INFOPLIST_KEY_UILaunchStoryboardName = LaunchScreen;
				INFOPLIST_KEY_UIMainStoryboardFile = Main;
				INFOPLIST_KEY_UISupportedInterfaceOrientations_iPad = "UIInterfaceOrientationPortrait UIInterfaceOrientationPortraitUpsideDown UIInterfaceOrientationLandscapeLeft UIInterfaceOrientationLandscapeRight";
				INFOPLIST_KEY_UISupportedInterfaceOrientations_iPhone = "UIInterfaceOrientationPortrait UIInterfaceOrientationLandscapeLeft UIInterfaceOrientationLandscapeRight";
				LD_RUNPATH_SEARCH_PATHS = (
					"$(inherited)",
					"@executable_path/Frameworks",
				);
				MARKETING_VERSION = 1.0;
				PRODUCT_BUNDLE_IDENTIFIER = "br.com.zup.LearningTask-6-5";
				PRODUCT_NAME = "$(TARGET_NAME)";
				SWIFT_EMIT_LOC_STRINGS = YES;
				SWIFT_VERSION = 5.0;
				TARGETED_DEVICE_FAMILY = "1,2";
			};
			name = Release;
		};
/* End XCBuildConfiguration section */

/* Begin XCConfigurationList section */
		589D8A022805FBBA00E335D9 /* Build configuration list for PBXProject "LearningTask-6.5" */ = {
			isa = XCConfigurationList;
			buildConfigurations = (
				589D8A192805FBBC00E335D9 /* Debug */,
				589D8A1A2805FBBC00E335D9 /* Release */,
			);
			defaultConfigurationIsVisible = 0;
			defaultConfigurationName = Release;
		};
		589D8A1B2805FBBC00E335D9 /* Build configuration list for PBXNativeTarget "LearningTask-6.5" */ = {
			isa = XCConfigurationList;
			buildConfigurations = (
				589D8A1C2805FBBC00E335D9 /* Debug */,
				589D8A1D2805FBBC00E335D9 /* Release */,
			);
			defaultConfigurationIsVisible = 0;
			defaultConfigurationName = Release;
		};
/* End XCConfigurationList section */
	};
	rootObject = 589D89FF2805FBBA00E335D9 /* Project object */;
}
